// !$*UTF8*$!
{
	archiveVersion = 1;
	classes = {
	};
	objectVersion = 46;
	objects = {

/* Begin PBXBuildFile section */
		9606AF201D2B43BC00E34F24 /* AppDelegate.swift in Sources */ = {isa = PBXBuildFile; fileRef = 9606AF1F1D2B43BC00E34F24 /* AppDelegate.swift */; };
		9606AF221D2B43BC00E34F24 /* ViewController.swift in Sources */ = {isa = PBXBuildFile; fileRef = 9606AF211D2B43BC00E34F24 /* ViewController.swift */; };
		9606AF251D2B43BC00E34F24 /* Main.storyboard in Resources */ = {isa = PBXBuildFile; fileRef = 9606AF231D2B43BC00E34F24 /* Main.storyboard */; };
		9606AF281D2B43BC00E34F24 /* Location.xcdatamodeld in Sources */ = {isa = PBXBuildFile; fileRef = 9606AF261D2B43BC00E34F24 /* Location.xcdatamodeld */; };
		9606AF2A1D2B43BC00E34F24 /* Assets.xcassets in Resources */ = {isa = PBXBuildFile; fileRef = 9606AF291D2B43BC00E34F24 /* Assets.xcassets */; };
		9606AF2D1D2B43BC00E34F24 /* LaunchScreen.storyboard in Resources */ = {isa = PBXBuildFile; fileRef = 9606AF2B1D2B43BC00E34F24 /* LaunchScreen.storyboard */; };
		9606AF381D2B43BC00E34F24 /* LocationTests.swift in Sources */ = {isa = PBXBuildFile; fileRef = 9606AF371D2B43BC00E34F24 /* LocationTests.swift */; };
		9606AF431D2B43BC00E34F24 /* LocationUITests.swift in Sources */ = {isa = PBXBuildFile; fileRef = 9606AF421D2B43BC00E34F24 /* LocationUITests.swift */; };
		9606AF511D2B4E1C00E34F24 /* SaveMenu.swift in Sources */ = {isa = PBXBuildFile; fileRef = 9606AF501D2B4E1C00E34F24 /* SaveMenu.swift */; };
		9606AF531D2B4E2500E34F24 /* LoadMenu.swift in Sources */ = {isa = PBXBuildFile; fileRef = 9606AF521D2B4E2500E34F24 /* LoadMenu.swift */; };
		9606AF551D2B780B00E34F24 /* SaveOption.swift in Sources */ = {isa = PBXBuildFile; fileRef = 9606AF541D2B780B00E34F24 /* SaveOption.swift */; };
/* End PBXBuildFile section */

/* Begin PBXContainerItemProxy section */
		9606AF341D2B43BC00E34F24 /* PBXContainerItemProxy */ = {
			isa = PBXContainerItemProxy;
			containerPortal = 9606AF141D2B43BC00E34F24 /* Project object */;
			proxyType = 1;
			remoteGlobalIDString = 9606AF1B1D2B43BC00E34F24;
			remoteInfo = Location;
		};
		9606AF3F1D2B43BC00E34F24 /* PBXContainerItemProxy */ = {
			isa = PBXContainerItemProxy;
			containerPortal = 9606AF141D2B43BC00E34F24 /* Project object */;
			proxyType = 1;
			remoteGlobalIDString = 9606AF1B1D2B43BC00E34F24;
			remoteInfo = Location;
		};
/* End PBXContainerItemProxy section */

/* Begin PBXFileReference section */
		9606AF1C1D2B43BC00E34F24 /* Location.app */ = {isa = PBXFileReference; explicitFileType = wrapper.application; includeInIndex = 0; path = Location.app; sourceTree = BUILT_PRODUCTS_DIR; };
		9606AF1F1D2B43BC00E34F24 /* AppDelegate.swift */ = {isa = PBXFileReference; lastKnownFileType = sourcecode.swift; path = AppDelegate.swift; sourceTree = "<group>"; };
		9606AF211D2B43BC00E34F24 /* ViewController.swift */ = {isa = PBXFileReference; lastKnownFileType = sourcecode.swift; path = ViewController.swift; sourceTree = "<group>"; };
		9606AF241D2B43BC00E34F24 /* Base */ = {isa = PBXFileReference; lastKnownFileType = file.storyboard; name = Base; path = Base.lproj/Main.storyboard; sourceTree = "<group>"; };
		9606AF271D2B43BC00E34F24 /* Location.xcdatamodel */ = {isa = PBXFileReference; lastKnownFileType = wrapper.xcdatamodel; path = Location.xcdatamodel; sourceTree = "<group>"; };
		9606AF291D2B43BC00E34F24 /* Assets.xcassets */ = {isa = PBXFileReference; lastKnownFileType = folder.assetcatalog; path = Assets.xcassets; sourceTree = "<group>"; };
		9606AF2C1D2B43BC00E34F24 /* Base */ = {isa = PBXFileReference; lastKnownFileType = file.storyboard; name = Base; path = Base.lproj/LaunchScreen.storyboard; sourceTree = "<group>"; };
		9606AF2E1D2B43BC00E34F24 /* Info.plist */ = {isa = PBXFileReference; lastKnownFileType = text.plist.xml; path = Info.plist; sourceTree = "<group>"; };
		9606AF331D2B43BC00E34F24 /* LocationTests.xctest */ = {isa = PBXFileReference; explicitFileType = wrapper.cfbundle; includeInIndex = 0; path = LocationTests.xctest; sourceTree = BUILT_PRODUCTS_DIR; };
		9606AF371D2B43BC00E34F24 /* LocationTests.swift */ = {isa = PBXFileReference; lastKnownFileType = sourcecode.swift; path = LocationTests.swift; sourceTree = "<group>"; };
		9606AF391D2B43BC00E34F24 /* Info.plist */ = {isa = PBXFileReference; lastKnownFileType = text.plist.xml; path = Info.plist; sourceTree = "<group>"; };
		9606AF3E1D2B43BC00E34F24 /* LocationUITests.xctest */ = {isa = PBXFileReference; explicitFileType = wrapper.cfbundle; includeInIndex = 0; path = LocationUITests.xctest; sourceTree = BUILT_PRODUCTS_DIR; };
		9606AF421D2B43BC00E34F24 /* LocationUITests.swift */ = {isa = PBXFileReference; lastKnownFileType = sourcecode.swift; path = LocationUITests.swift; sourceTree = "<group>"; };
		9606AF441D2B43BC00E34F24 /* Info.plist */ = {isa = PBXFileReference; lastKnownFileType = text.plist.xml; path = Info.plist; sourceTree = "<group>"; };
		9606AF501D2B4E1C00E34F24 /* SaveMenu.swift */ = {isa = PBXFileReference; fileEncoding = 4; lastKnownFileType = sourcecode.swift; path = SaveMenu.swift; sourceTree = "<group>"; };
		9606AF521D2B4E2500E34F24 /* LoadMenu.swift */ = {isa = PBXFileReference; fileEncoding = 4; lastKnownFileType = sourcecode.swift; path = LoadMenu.swift; sourceTree = "<group>"; };
		9606AF541D2B780B00E34F24 /* SaveOption.swift */ = {isa = PBXFileReference; fileEncoding = 4; lastKnownFileType = sourcecode.swift; path = SaveOption.swift; sourceTree = "<group>"; };
/* End PBXFileReference section */

/* Begin PBXFrameworksBuildPhase section */
		9606AF191D2B43BC00E34F24 /* Frameworks */ = {
			isa = PBXFrameworksBuildPhase;
			buildActionMask = 2147483647;
			files = (
			);
			runOnlyForDeploymentPostprocessing = 0;
		};
		9606AF301D2B43BC00E34F24 /* Frameworks */ = {
			isa = PBXFrameworksBuildPhase;
			buildActionMask = 2147483647;
			files = (
			);
			runOnlyForDeploymentPostprocessing = 0;
		};
		9606AF3B1D2B43BC00E34F24 /* Frameworks */ = {
			isa = PBXFrameworksBuildPhase;
			buildActionMask = 2147483647;
			files = (
			);
			runOnlyForDeploymentPostprocessing = 0;
		};
/* End PBXFrameworksBuildPhase section */

/* Begin PBXGroup section */
		9606AF131D2B43BC00E34F24 = {
			isa = PBXGroup;
			children = (
				9606AF1E1D2B43BC00E34F24 /* Location */,
				9606AF361D2B43BC00E34F24 /* LocationTests */,
				9606AF411D2B43BC00E34F24 /* LocationUITests */,
				9606AF1D1D2B43BC00E34F24 /* Products */,
			);
			sourceTree = "<group>";
		};
		9606AF1D1D2B43BC00E34F24 /* Products */ = {
			isa = PBXGroup;
			children = (
				9606AF1C1D2B43BC00E34F24 /* Location.app */,
				9606AF331D2B43BC00E34F24 /* LocationTests.xctest */,
				9606AF3E1D2B43BC00E34F24 /* LocationUITests.xctest */,
			);
			name = Products;
			sourceTree = "<group>";
		};
		9606AF1E1D2B43BC00E34F24 /* Location */ = {
			isa = PBXGroup;
			children = (
				9606AF1F1D2B43BC00E34F24 /* AppDelegate.swift */,
				9606AF211D2B43BC00E34F24 /* ViewController.swift */,
				9606AF541D2B780B00E34F24 /* SaveOption.swift */,
				9606AF501D2B4E1C00E34F24 /* SaveMenu.swift */,
				9606AF521D2B4E2500E34F24 /* LoadMenu.swift */,
				9606AF231D2B43BC00E34F24 /* Main.storyboard */,
				9606AF291D2B43BC00E34F24 /* Assets.xcassets */,
				9606AF2B1D2B43BC00E34F24 /* LaunchScreen.storyboard */,
				9606AF2E1D2B43BC00E34F24 /* Info.plist */,
				9606AF261D2B43BC00E34F24 /* Location.xcdatamodeld */,
			);
			path = Location;
			sourceTree = "<group>";
		};
		9606AF361D2B43BC00E34F24 /* LocationTests */ = {
			isa = PBXGroup;
			children = (
				9606AF371D2B43BC00E34F24 /* LocationTests.swift */,
				9606AF391D2B43BC00E34F24 /* Info.plist */,
			);
			path = LocationTests;
			sourceTree = "<group>";
		};
		9606AF411D2B43BC00E34F24 /* LocationUITests */ = {
			isa = PBXGroup;
			children = (
				9606AF421D2B43BC00E34F24 /* LocationUITests.swift */,
				9606AF441D2B43BC00E34F24 /* Info.plist */,
			);
			path = LocationUITests;
			sourceTree = "<group>";
		};
/* End PBXGroup section */

/* Begin PBXNativeTarget section */
		9606AF1B1D2B43BC00E34F24 /* Location */ = {
			isa = PBXNativeTarget;
			buildConfigurationList = 9606AF471D2B43BC00E34F24 /* Build configuration list for PBXNativeTarget "Location" */;
			buildPhases = (
				9606AF181D2B43BC00E34F24 /* Sources */,
				9606AF191D2B43BC00E34F24 /* Frameworks */,
				9606AF1A1D2B43BC00E34F24 /* Resources */,
			);
			buildRules = (
			);
			dependencies = (
			);
			name = Location;
			productName = Location;
			productReference = 9606AF1C1D2B43BC00E34F24 /* Location.app */;
			productType = "com.apple.product-type.application";
		};
		9606AF321D2B43BC00E34F24 /* LocationTests */ = {
			isa = PBXNativeTarget;
			buildConfigurationList = 9606AF4A1D2B43BC00E34F24 /* Build configuration list for PBXNativeTarget "LocationTests" */;
			buildPhases = (
				9606AF2F1D2B43BC00E34F24 /* Sources */,
				9606AF301D2B43BC00E34F24 /* Frameworks */,
				9606AF311D2B43BC00E34F24 /* Resources */,
			);
			buildRules = (
			);
			dependencies = (
				9606AF351D2B43BC00E34F24 /* PBXTargetDependency */,
			);
			name = LocationTests;
			productName = LocationTests;
			productReference = 9606AF331D2B43BC00E34F24 /* LocationTests.xctest */;
			productType = "com.apple.product-type.bundle.unit-test";
		};
		9606AF3D1D2B43BC00E34F24 /* LocationUITests */ = {
			isa = PBXNativeTarget;
			buildConfigurationList = 9606AF4D1D2B43BC00E34F24 /* Build configuration list for PBXNativeTarget "LocationUITests" */;
			buildPhases = (
				9606AF3A1D2B43BC00E34F24 /* Sources */,
				9606AF3B1D2B43BC00E34F24 /* Frameworks */,
				9606AF3C1D2B43BC00E34F24 /* Resources */,
			);
			buildRules = (
			);
			dependencies = (
				9606AF401D2B43BC00E34F24 /* PBXTargetDependency */,
			);
			name = LocationUITests;
			productName = LocationUITests;
			productReference = 9606AF3E1D2B43BC00E34F24 /* LocationUITests.xctest */;
			productType = "com.apple.product-type.bundle.ui-testing";
		};
/* End PBXNativeTarget section */

/* Begin PBXProject section */
		9606AF141D2B43BC00E34F24 /* Project object */ = {
			isa = PBXProject;
			attributes = {
				LastSwiftUpdateCheck = 0730;
				LastUpgradeCheck = 0730;
				ORGANIZATIONNAME = "Jason Vo";
				TargetAttributes = {
					9606AF1B1D2B43BC00E34F24 = {
						CreatedOnToolsVersion = 7.3.1;
						DevelopmentTeam = 47S5PQ4XY6;
					};
					9606AF321D2B43BC00E34F24 = {
						CreatedOnToolsVersion = 7.3.1;
						TestTargetID = 9606AF1B1D2B43BC00E34F24;
					};
					9606AF3D1D2B43BC00E34F24 = {
						CreatedOnToolsVersion = 7.3.1;
						TestTargetID = 9606AF1B1D2B43BC00E34F24;
					};
				};
			};
			buildConfigurationList = 9606AF171D2B43BC00E34F24 /* Build configuration list for PBXProject "Location" */;
			compatibilityVersion = "Xcode 3.2";
			developmentRegion = English;
			hasScannedForEncodings = 0;
			knownRegions = (
				en,
				Base,
			);
			mainGroup = 9606AF131D2B43BC00E34F24;
			productRefGroup = 9606AF1D1D2B43BC00E34F24 /* Products */;
			projectDirPath = "";
			projectRoot = "";
			targets = (
				9606AF1B1D2B43BC00E34F24 /* Location */,
				9606AF321D2B43BC00E34F24 /* LocationTests */,
				9606AF3D1D2B43BC00E34F24 /* LocationUITests */,
			);
		};
/* End PBXProject section */

/* Begin PBXResourcesBuildPhase section */
		9606AF1A1D2B43BC00E34F24 /* Resources */ = {
			isa = PBXResourcesBuildPhase;
			buildActionMask = 2147483647;
			files = (
				9606AF2D1D2B43BC00E34F24 /* LaunchScreen.storyboard in Resources */,
				9606AF2A1D2B43BC00E34F24 /* Assets.xcassets in Resources */,
				9606AF251D2B43BC00E34F24 /* Main.storyboard in Resources */,
			);
			runOnlyForDeploymentPostprocessing = 0;
		};
		9606AF311D2B43BC00E34F24 /* Resources */ = {
			isa = PBXResourcesBuildPhase;
			buildActionMask = 2147483647;
			files = (
			);
			runOnlyForDeploymentPostprocessing = 0;
		};
		9606AF3C1D2B43BC00E34F24 /* Resources */ = {
			isa = PBXResourcesBuildPhase;
			buildActionMask = 2147483647;
			files = (
			);
			runOnlyForDeploymentPostprocessing = 0;
		};
/* End PBXResourcesBuildPhase section */

/* Begin PBXSourcesBuildPhase section */
		9606AF181D2B43BC00E34F24 /* Sources */ = {
			isa = PBXSourcesBuildPhase;
			buildActionMask = 2147483647;
			files = (
				9606AF221D2B43BC00E34F24 /* ViewController.swift in Sources */,
				9606AF551D2B780B00E34F24 /* SaveOption.swift in Sources */,
				9606AF531D2B4E2500E34F24 /* LoadMenu.swift in Sources */,
				9606AF511D2B4E1C00E34F24 /* SaveMenu.swift in Sources */,
				9606AF281D2B43BC00E34F24 /* Location.xcdatamodeld in Sources */,
				9606AF201D2B43BC00E34F24 /* AppDelegate.swift in Sources */,
			);
			runOnlyForDeploymentPostprocessing = 0;
		};
		9606AF2F1D2B43BC00E34F24 /* Sources */ = {
			isa = PBXSourcesBuildPhase;
			buildActionMask = 2147483647;
			files = (
				9606AF381D2B43BC00E34F24 /* LocationTests.swift in Sources */,
			);
			runOnlyForDeploymentPostprocessing = 0;
		};
		9606AF3A1D2B43BC00E34F24 /* Sources */ = {
			isa = PBXSourcesBuildPhase;
			buildActionMask = 2147483647;
			files = (
				9606AF431D2B43BC00E34F24 /* LocationUITests.swift in Sources */,
			);
			runOnlyForDeploymentPostprocessing = 0;
		};
/* End PBXSourcesBuildPhase section */

/* Begin PBXTargetDependency section */
		9606AF351D2B43BC00E34F24 /* PBXTargetDependency */ = {
			isa = PBXTargetDependency;
			target = 9606AF1B1D2B43BC00E34F24 /* Location */;
			targetProxy = 9606AF341D2B43BC00E34F24 /* PBXContainerItemProxy */;
		};
		9606AF401D2B43BC00E34F24 /* PBXTargetDependency */ = {
			isa = PBXTargetDependency;
			target = 9606AF1B1D2B43BC00E34F24 /* Location */;
			targetProxy = 9606AF3F1D2B43BC00E34F24 /* PBXContainerItemProxy */;
		};
/* End PBXTargetDependency section */

/* Begin PBXVariantGroup section */
		9606AF231D2B43BC00E34F24 /* Main.storyboard */ = {
			isa = PBXVariantGroup;
			children = (
				9606AF241D2B43BC00E34F24 /* Base */,
			);
			name = Main.storyboard;
			sourceTree = "<group>";
		};
		9606AF2B1D2B43BC00E34F24 /* LaunchScreen.storyboard */ = {
			isa = PBXVariantGroup;
			children = (
				9606AF2C1D2B43BC00E34F24 /* Base */,
			);
			name = LaunchScreen.storyboard;
			sourceTree = "<group>";
		};
/* End PBXVariantGroup section */

/* Begin XCBuildConfiguration section */
		9606AF451D2B43BC00E34F24 /* Debug */ = {
			isa = XCBuildConfiguration;
			buildSettings = {
				ALWAYS_SEARCH_USER_PATHS = NO;
				CLANG_ANALYZER_NONNULL = YES;
				CLANG_CXX_LANGUAGE_STANDARD = "gnu++0x";
				CLANG_CXX_LIBRARY = "libc++";
				CLANG_ENABLE_MODULES = YES;
				CLANG_ENABLE_OBJC_ARC = YES;
				CLANG_WARN_BOOL_CONVERSION = YES;
				CLANG_WARN_CONSTANT_CONVERSION = YES;
				CLANG_WARN_DIRECT_OBJC_ISA_USAGE = YES_ERROR;
				CLANG_WARN_EMPTY_BODY = YES;
				CLANG_WARN_ENUM_CONVERSION = YES;
				CLANG_WARN_INT_CONVERSION = YES;
				CLANG_WARN_OBJC_ROOT_CLASS = YES_ERROR;
				CLANG_WARN_UNREACHABLE_CODE = YES;
				CLANG_WARN__DUPLICATE_METHOD_MATCH = YES;
				"CODE_SIGN_IDENTITY[sdk=iphoneos*]" = "iPhone Developer";
				COPY_PHASE_STRIP = NO;
				DEBUG_INFORMATION_FORMAT = dwarf;
				ENABLE_STRICT_OBJC_MSGSEND = YES;
				ENABLE_TESTABILITY = YES;
				GCC_C_LANGUAGE_STANDARD = gnu99;
				GCC_DYNAMIC_NO_PIC = NO;
				GCC_NO_COMMON_BLOCKS = YES;
				GCC_OPTIMIZATION_LEVEL = 0;
				GCC_PREPROCESSOR_DEFINITIONS = (
					"DEBUG=1",
					"$(inherited)",
				);
				GCC_WARN_64_TO_32_BIT_CONVERSION = YES;
				GCC_WARN_ABOUT_RETURN_TYPE = YES_ERROR;
				GCC_WARN_UNDECLARED_SELECTOR = YES;
				GCC_WARN_UNINITIALIZED_AUTOS = YES_AGGRESSIVE;
				GCC_WARN_UNUSED_FUNCTION = YES;
				GCC_WARN_UNUSED_VARIABLE = YES;
				IPHONEOS_DEPLOYMENT_TARGET = 9.3;
				MTL_ENABLE_DEBUG_INFO = YES;
				ONLY_ACTIVE_ARCH = YES;
				SDKROOT = iphoneos;
				SWIFT_OPTIMIZATION_LEVEL = "-Onone";
				TARGETED_DEVICE_FAMILY = "1,2";
			};
			name = Debug;
		};
		9606AF461D2B43BC00E34F24 /* Release */ = {
			isa = XCBuildConfiguration;
			buildSettings = {
				ALWAYS_SEARCH_USER_PATHS = NO;
				CLANG_ANALYZER_NONNULL = YES;
				CLANG_CXX_LANGUAGE_STANDARD = "gnu++0x";
				CLANG_CXX_LIBRARY = "libc++";
				CLANG_ENABLE_MODULES = YES;
				CLANG_ENABLE_OBJC_ARC = YES;
				CLANG_WARN_BOOL_CONVERSION = YES;
				CLANG_WARN_CONSTANT_CONVERSION = YES;
				CLANG_WARN_DIRECT_OBJC_ISA_USAGE = YES_ERROR;
				CLANG_WARN_EMPTY_BODY = YES;
				CLANG_WARN_ENUM_CONVERSION = YES;
				CLANG_WARN_INT_CONVERSION = YES;
				CLANG_WARN_OBJC_ROOT_CLASS = YES_ERROR;
				CLANG_WARN_UNREACHABLE_CODE = YES;
				CLANG_WARN__DUPLICATE_METHOD_MATCH = YES;
				"CODE_SIGN_IDENTITY[sdk=iphoneos*]" = "iPhone Developer";
				COPY_PHASE_STRIP = NO;
				DEBUG_INFORMATION_FORMAT = "dwarf-with-dsym";
				ENABLE_NS_ASSERTIONS = NO;
				ENABLE_STRICT_OBJC_MSGSEND = YES;
				GCC_C_LANGUAGE_STANDARD = gnu99;
				GCC_NO_COMMON_BLOCKS = YES;
				GCC_WARN_64_TO_32_BIT_CONVERSION = YES;
				GCC_WARN_ABOUT_RETURN_TYPE = YES_ERROR;
				GCC_WARN_UNDECLARED_SELECTOR = YES;
				GCC_WARN_UNINITIALIZED_AUTOS = YES_AGGRESSIVE;
				GCC_WARN_UNUSED_FUNCTION = YES;
				GCC_WARN_UNUSED_VARIABLE = YES;
				IPHONEOS_DEPLOYMENT_TARGET = 9.3;
				MTL_ENABLE_DEBUG_INFO = NO;
				SDKROOT = iphoneos;
				TARGETED_DEVICE_FAMILY = "1,2";
				VALIDATE_PRODUCT = YES;
			};
			name = Release;
		};
		9606AF481D2B43BC00E34F24 /* Debug */ = {
			isa = XCBuildConfiguration;
			buildSettings = {
				ASSETCATALOG_COMPILER_APPICON_NAME = AppIcon;
				ASSETCATALOG_COMPILER_LAUNCHIMAGE_NAME = "Brand Assets";
				CODE_SIGN_IDENTITY = "iPhone Developer";
				INFOPLIST_FILE = Location/Info.plist;
				LD_RUNPATH_SEARCH_PATHS = "$(inherited) @executable_path/Frameworks";
				PRODUCT_BUNDLE_IDENTIFIER = project.Location;
				PRODUCT_NAME = "$(TARGET_NAME)";
			};
			name = Debug;
		};
		9606AF491D2B43BC00E34F24 /* Release */ = {
			isa = XCBuildConfiguration;
			buildSettings = {
				ASSETCATALOG_COMPILER_APPICON_NAME = AppIcon;
				ASSETCATALOG_COMPILER_LAUNCHIMAGE_NAME = "Brand Assets";
				CODE_SIGN_IDENTITY = "iPhone Developer";
				INFOPLIST_FILE = Location/Info.plist;
				LD_RUNPATH_SEARCH_PATHS = "$(inherited) @executable_path/Frameworks";
				PRODUCT_BUNDLE_IDENTIFIER = project.Location;
				PRODUCT_NAME = "$(TARGET_NAME)";
			};
			name = Release;
		};
		9606AF4B1D2B43BC00E34F24 /* Debug */ = {
			isa = XCBuildConfiguration;
			buildSettings = {
				BUNDLE_LOADER = "$(TEST_HOST)";
				INFOPLIST_FILE = LocationTests/Info.plist;
				LD_RUNPATH_SEARCH_PATHS = "$(inherited) @executable_path/Frameworks @loader_path/Frameworks";
				PRODUCT_BUNDLE_IDENTIFIER = location.LocationTests;
				PRODUCT_NAME = "$(TARGET_NAME)";
				TEST_HOST = "$(BUILT_PRODUCTS_DIR)/Location.app/Location";
			};
			name = Debug;
		};
		9606AF4C1D2B43BC00E34F24 /* Release */ = {
			isa = XCBuildConfiguration;
			buildSettings = {
				BUNDLE_LOADER = "$(TEST_HOST)";
				INFOPLIST_FILE = LocationTests/Info.plist;
				LD_RUNPATH_SEARCH_PATHS = "$(inherited) @executable_path/Frameworks @loader_path/Frameworks";
				PRODUCT_BUNDLE_IDENTIFIER = location.LocationTests;
				PRODUCT_NAME = "$(TARGET_NAME)";
				TEST_HOST = "$(BUILT_PRODUCTS_DIR)/Location.app/Location";
			};
			name = Release;
		};
		9606AF4E1D2B43BC00E34F24 /* Debug */ = {
			isa = XCBuildConfiguration;
			buildSettings = {
				INFOPLIST_FILE = LocationUITests/Info.plist;
				LD_RUNPATH_SEARCH_PATHS = "$(inherited) @executable_path/Frameworks @loader_path/Frameworks";
				PRODUCT_BUNDLE_IDENTIFIER = location.LocationUITests;
				PRODUCT_NAME = "$(TARGET_NAME)";
				TEST_TARGET_NAME = Location;
			};
			name = Debug;
		};
		9606AF4F1D2B43BC00E34F24 /* Release */ = {
			isa = XCBuildConfiguration;
			buildSettings = {
				INFOPLIST_FILE = LocationUITests/Info.plist;
				LD_RUNPATH_SEARCH_PATHS = "$(inherited) @executable_path/Frameworks @loader_path/Frameworks";
				PRODUCT_BUNDLE_IDENTIFIER = location.LocationUITests;
				PRODUCT_NAME = "$(TARGET_NAME)";
				TEST_TARGET_NAME = Location;
			};
			name = Release;
		};
/* End XCBuildConfiguration section */

/* Begin XCConfigurationList section */
		9606AF171D2B43BC00E34F24 /* Build configuration list for PBXProject "Location" */ = {
			isa = XCConfigurationList;
			buildConfigurations = (
				9606AF451D2B43BC00E34F24 /* Debug */,
				9606AF461D2B43BC00E34F24 /* Release */,
			);
			defaultConfigurationIsVisible = 0;
			defaultConfigurationName = Release;
		};
		9606AF471D2B43BC00E34F24 /* Build configuration list for PBXNativeTarget "Location" */ = {
			isa = XCConfigurationList;
			buildConfigurations = (
				9606AF481D2B43BC00E34F24 /* Debug */,
				9606AF491D2B43BC00E34F24 /* Release */,
			);
			defaultConfigurationIsVisible = 0;
		};
		9606AF4A1D2B43BC00E34F24 /* Build configuration list for PBXNativeTarget "LocationTests" */ = {
			isa = XCConfigurationList;
			buildConfigurations = (
				9606AF4B1D2B43BC00E34F24 /* Debug */,
				9606AF4C1D2B43BC00E34F24 /* Release */,
			);
			defaultConfigurationIsVisible = 0;
		};
		9606AF4D1D2B43BC00E34F24 /* Build configuration list for PBXNativeTarget "LocationUITests" */ = {
			isa = XCConfigurationList;
			buildConfigurations = (
				9606AF4E1D2B43BC00E34F24 /* Debug */,
				9606AF4F1D2B43BC00E34F24 /* Release */,
			);
			defaultConfigurationIsVisible = 0;
		};
/* End XCConfigurationList section */

/* Begin XCVersionGroup section */
		9606AF261D2B43BC00E34F24 /* Location.xcdatamodeld */ = {
			isa = XCVersionGroup;
			children = (
				9606AF271D2B43BC00E34F24 /* Location.xcdatamodel */,
			);
			currentVersion = 9606AF271D2B43BC00E34F24 /* Location.xcdatamodel */;
			path = Location.xcdatamodeld;
			sourceTree = "<group>";
			versionGroupType = wrapper.xcdatamodel;
		};
/* End XCVersionGroup section */
	};
	rootObject = 9606AF141D2B43BC00E34F24 /* Project object */;
}
